{
  "name": "angular-7-tutorial",
  "version": "1.0.0",
  "lockfileVersion": 1,
  "requires": true,
  "dependencies": {
    "@angular/common": {
      "version": "8.1.3",
      "resolved": "https://registry.npmjs.org/@angular/common/-/common-8.1.3.tgz",
      "integrity": "sha512-AnTlYV+Y3HYjJsAIt2AkIJ63qphvu9RNIJSZS61zQ4YBty29aslAJ/jh3PSWD0Yj9UT/AgzquJhfhhNEuImDRw==",
      "requires": {
        "tslib": "^1.9.0"
      }
    },
    "@angular/compiler": {
      "version": "8.1.3",
      "resolved": "https://registry.npmjs.org/@angular/compiler/-/compiler-8.1.3.tgz",
      "integrity": "sha512-mKeRkpPy/iBPGBCVQIPF9x4f1S68ilEYaQTTfHoLR0OfivEQsyGuf2GEegwbTosEBX3JF+0JHfCNvsAE1zI5Og==",
      "requires": {
        "tslib": "^1.9.0"
      }
    },
    "@angular/core": {
      "version": "8.1.3",
      "resolved": "https://registry.npmjs.org/@angular/core/-/core-8.1.3.tgz",
      "integrity": "sha512-45ocymDkXhmgluhaIX/O6IgqGPCLOlSYEXYpJ660QS1JgprKU7Ae9mWiNSmbBmT0OGV/sKKF8SNMQAGOHgio6Q==",
      "requires": {
        "tslib": "^1.9.0"
      }
    },
    "@angular/forms": {
      "version": "8.1.3",
      "resolved": "https://registry.npmjs.org/@angular/forms/-/forms-8.1.3.tgz",
      "integrity": "sha512-NabNiUsR1XgrI1/T8hFwbTH0BMqhKd1riSTU+xyJ3qVbdmORq1xnf6/dLbljNGxViMU28P8hBXvyf1BoTS+HyQ==",
      "requires": {
        "tslib": "^1.9.0"
      }
    },
    "@angular/platform-browser": {
      "version": "8.1.3",
      "resolved": "https://registry.npmjs.org/@angular/platform-browser/-/platform-browser-8.1.3.tgz",
      "integrity": "sha512-ihjoJd3OCmn/LBpYEDeCYnYJ1JRzeY6xYySNBEHNHLc07FX0TTiNwiZJHjbKoxdjr7qe6cj6gpT51M77pRlKKw==",
      "requires": {
        "tslib": "^1.9.0"
      }
    },
    "@angular/platform-browser-dynamic": {
      "version": "8.1.3",
      "resolved": "https://registry.npmjs.org/@angular/platform-browser-dynamic/-/platform-browser-dynamic-8.1.3.tgz",
      "integrity": "sha512-tsZWp8aFZNvbJ1TgP75GEfrwLe4SFW02kzEF12o7XlGU/iwnMjEs356rGHeueJZuWMFGS8PLL4mqPic7R5p53Q==",
      "requires": {
        "tslib": "^1.9.0"
      }
    },
    "@angular/router": {
      "version": "8.1.3",
      "resolved": "https://registry.npmjs.org/@angular/router/-/router-8.1.3.tgz",
      "integrity": "sha512-MOalKqqWcTaosHLNE5nmk5rsLRp3jE1PobGaFtbUJKTTZW0vS4rcr6iiRg2bZRv/srGixDXvNLenvYjTpzzTdw==",
      "requires": {
        "tslib": "^1.9.0"
      }
    },
    "core-js": {
      "version": "3.1.4",
      "resolved": "https://registry.npmjs.org/core-js/-/core-js-3.1.4.tgz",
      "integrity": "sha512-YNZN8lt82XIMLnLirj9MhKDFZHalwzzrL9YLt6eb0T5D0EDl4IQ90IGkua8mHbnxNrkj1d8hbdizMc0Qmg1WnQ=="
    },
    "rxjs": {
      "version": "6.5.2",
      "resolved": "https://registry.npmjs.org/rxjs/-/rxjs-6.5.2.tgz",
      "integrity": "sha512-HUb7j3kvb7p7eCUHE3FqjoDsC1xfZQ4AHFWfTKSpZ+sAhhz5X1WX0ZuUqWbzB2QhSLp3DoLUG+hMdEDKqWo2Zg==",
      "requires": {
        "tslib": "^1.9.0"
      }
    },
    "tslib": {
      "version": "1.10.0",
      "resolved": "https://registry.npmjs.org/tslib/-/tslib-1.10.0.tgz",
      "integrity": "sha512-qOebF53frne81cf0S9B41ByenJ3/IuH8yJKngAX35CmiZySA0khhkovshKK+jGCaMnVomla7gVlIcc3EvKPbTQ=="
    },
    "zone.js": {
      "version": "0.10.0",
      "resolved": "https://registry.npmjs.org/zone.js/-/zone.js-0.10.0.tgz",
      "integrity": "sha512-dxEcxkKgOj5kNBcngPmeu9VV0PrMPd2aJXX5TDX/MKOITusSzYNjZPs1EVSsLywvdThRVwsEqUi2BAEYeuRP2Q=="
    }
  }
}
